
Microsoft Visual Studio Solution File, Format Version 12.00
# Visual Studio 15
VisualStudioVersion = 15.0.26430.14
MinimumVisualStudioVersion = 10.0.40219.1
Project("{FAE04EC0-301F-11D3-BF4B-00C04F79EFBC}") = "Bot Application1", "Bot Application1\Bot Application1.csproj", "{4C71C983-2502-41B2-AA5D-C26D6E280969}"
EndProject
Project("{FAE04EC0-301F-11D3-BF4B-00C04F79EFBC}") = "UniversitiesData", "Universities Data\UniversitiesData.csproj", "{66090821-E8FF-46F3-B3B0-BDE2333BA174}"
EndProject
Global
	GlobalSection(SolutionConfigurationPlatforms) = preSolution
		Debug|Any CPU = Debug|Any CPU
		Release|Any CPU = Release|Any CPU
	EndGlobalSection
	GlobalSection(ProjectConfigurationPlatforms) = postSolution
		{4C71C983-2502-41B2-AA5D-C26D6E280969}.Debug|Any CPU.ActiveCfg = Debug|Any CPU
		{4C71C983-2502-41B2-AA5D-C26D6E280969}.Debug|Any CPU.Build.0 = Debug|Any CPU
		{4C71C983-2502-41B2-AA5D-C26D6E280969}.Release|Any CPU.ActiveCfg = Release|Any CPU
		{4C71C983-2502-41B2-AA5D-C26D6E280969}.Release|Any CPU.Build.0 = Release|Any CPU
		{66090821-E8FF-46F3-B3B0-BDE2333BA174}.Debug|Any CPU.ActiveCfg = Debug|Any CPU
		{66090821-E8FF-46F3-B3B0-BDE2333BA174}.Debug|Any CPU.Build.0 = Debug|Any CPU
		{66090821-E8FF-46F3-B3B0-BDE2333BA174}.Release|Any CPU.ActiveCfg = Release|Any CPU
		{66090821-E8FF-46F3-B3B0-BDE2333BA174}.Release|Any CPU.Build.0 = Release|Any CPU
	EndGlobalSection
	GlobalSection(SolutionProperties) = preSolution
		HideSolutionNode = FALSE
	EndGlobalSection
EndGlobal
